{
  "nodes": {
    "ghostty-aurora": {
      "flake": false,
      "locked": {
        "lastModified": 1765890874,
        "narHash": "sha256-4evex4GkzUGfcWxJ1S35MPupxWJOqEmwglwhnot7fC8=",
        "owner": "cmmichael",
        "repo": "ghostty-aurora",
        "rev": "f75dc3ade01197ee0ba18e1d90cbdaef9a0a33ba",
        "type": "github"
      },
      "original": {
        "owner": "cmmichael",
        "repo": "ghostty-aurora",
        "type": "github"
      }
    },
    "ghostty-shaders": {
      "flake": false,
      "locked": {
        "lastModified": 1783927614,
        "narHash": "sha256-WwiFYbzEgDux+Zu4qh4ZrYNHhIRKsMzzS9BrfUfokco=",
        "owner": "0xhckr",
        "repo": "ghostty-shaders",
        "rev": "85898f08fcf4a9274e418912098e99e00a5f8350",
        "type": "github"
      },
      "original": {
        "owner": "0xhckr",
        "repo": "ghostty-shaders",
        "type": "github"
      }
    },
    "home-manager": {
      "inputs": {
        "nixpkgs": [
          "nixpkgs"
        ]
      },
      "locked": {
        "lastModified": 1790989254,
        "narHash": "sha256-ZN+riaeFuE+DZ5zfqJiXlM12jLwZzeIXiNkU1YeHMXI=",
        "owner": "nix-community",
        "repo": "home-manager",
        "rev": "acd21c5a3420a9d5fd0ed06299b10828267ef9ba",
        "type": "github"
      },
      "original": {
        "owner": "nix-community",
        "repo": "home-manager",
        "type": "github"
      }
    },
    "niri-shaders": {
      "flake": false,
      "locked": {
        "lastModified": 1784811723,
        "narHash": "sha256-ctcILT4UJWBTraB8eQDQdmTM6Va1Cd6Y85Ql7s30Qf0=",
        "owner": "liixini",
        "repo": "shaders",
        "rev": "238e7c70e317bb0ca0b0366cf0851b8de3ddc969",
        "type": "github"
      },
      "original": {
        "owner": "liixini",
        "repo": "shaders",
        "type": "github"
      }
    },
    "nix-index-database": {
      "inputs": {
        "nixpkgs": [
          "nixpkgs"
        ]
      },
      "locked": {
        "lastModified": 1790499302,
        "narHash": "sha256-Gbf/U9ptJhQh0qnDnJ/+a8MAcq1HXunbArUTHR2wNYk=",
        "owner": "nix-community",
        "repo": "nix-index-database",
        "rev": "161d7c91accd93034bb3c295224d9d895a778573",
        "type": "github"
      },
      "original": {
        "owner": "nix-community",
        "repo": "nix-index-database",
        "type": "github"
      }
    },
    "nixpkgs": {
      "locked": {
        "lastModified": 1790822859,
        "narHash": "sha256-69xHQhAeMAD2wDXO7T2pcOZIF9Sga2W+JkmY2a11Ops=",
        "owner": "nixos",
        "repo": "nixpkgs",
        "rev": "c59305bab2065cfecc4944690d9eedbb56f3a9fa",
        "type": "github"
      },
      "original": {
        "owner": "nixos",
        "ref": "nixos-unstable",
        "repo": "nixpkgs",
        "type": "github"
      }
    },
    "noctalia": {
      "inputs": {
        "nixpkgs": [
          "nixpkgs"
        ]
      },
      "locked": {
        "lastModified": 1790967847,
        "narHash": "sha256-zjTq+MSL+B7GpRx/gEpj3y+OqonsdZBuA1OGrBQdlXw=",
        "owner": "noctalia-dev",
        "repo": "noctalia-shell",
        "rev": "63685992f8cfef008de338ff769c8f44df3bcdaa",
        "type": "github"
      },
      "original": {
        "owner": "noctalia-dev",
        "repo": "noctalia-shell",
        "type": "github"
      }
    },
    "root": {
      "inputs": {
        "ghostty-aurora": "ghostty-aurora",
        "ghostty-shaders": "ghostty-shaders",
        "home-manager": "home-manager",
        "niri-shaders": "niri-shaders",
        "nix-index-database": "nix-index-database",
        "nixpkgs": "nixpkgs",
        "noctalia": "noctalia",
        "sops-nix": "sops-nix"
      }
    },
    "sops-nix": {
      "inputs": {
        "nixpkgs": [
          "nixpkgs"
        ]
      },
      "locked": {
        "lastModified": 1790498116,
        "narHash": "sha256-rs9meAYxW3zzrh43yaW7htrqCD+X9+pupDPHN86fumI=",
        "owner": "Mic92",
        "repo": "sops-nix",
        "rev": "5efb5a6f4f5ab192817d28557dd4d650fa14d866",
        "type": "github"
      },
      "original": {
        "owner": "Mic92",
        "repo": "sops-nix",
        "type": "github"
      }
    }
  },
  "root": "root",
  "version": 7
}
